
Microsoft Visual Studio Solution File, Format Version 12.00
# Visual Studio 15
VisualStudioVersion = 15.0.28010.2026
MinimumVisualStudioVersion = 10.0.40219.1
Project("{FAE04EC0-301F-11D3-BF4B-00C04F79EFBC}") = "OverloAdsAs", "OverloAdsAs\OverloAdsAs.csproj", "{A8578BC7-0FCB-4BC0-906A-4EFA0F681970}"
EndProject
Global
	GlobalSection(SolutionConfigurationPlatforms) = preSolution
		Debug|Any CPU = Debug|Any CPU
		Release|Any CPU = Release|Any CPU
	EndGlobalSection
	GlobalSection(ProjectConfigurationPlatforms) = postSolution
		{A8578BC7-0FCB-4BC0-906A-4EFA0F681970}.Debug|Any CPU.ActiveCfg = Debug|Any CPU
		{A8578BC7-0FCB-4BC0-906A-4EFA0F681970}.Debug|Any CPU.Build.0 = Debug|Any CPU
		{A8578BC7-0FCB-4BC0-906A-4EFA0F681970}.Release|Any CPU.ActiveCfg = Release|Any CPU
		{A8578BC7-0FCB-4BC0-906A-4EFA0F681970}.Release|Any CPU.Build.0 = Release|Any CPU
	EndGlobalSection
	GlobalSection(SolutionProperties) = preSolution
		HideSolutionNode = FALSE
	EndGlobalSection
	GlobalSection(ExtensibilityGlobals) = postSolution
		SolutionGuid = {247E167D-1B7D-4860-8512-2CC71E305539}
	EndGlobalSection
EndGlobal
